// !$*UTF8*$!
{
	archiveVersion = 1;
	classes = {
	};
	objectVersion = 55;
	objects = {

/* Begin PBXBuildFile section */
		1881CDE62846970F006F959F /* AppDelegate.swift in Sources */ = {isa = PBXBuildFile; fileRef = 1881CDE52846970F006F959F /* AppDelegate.swift */; };
		1881CDE82846970F006F959F /* SceneDelegate.swift in Sources */ = {isa = PBXBuildFile; fileRef = 1881CDE72846970F006F959F /* SceneDelegate.swift */; };
		1881CDEA2846970F006F959F /* ViewController.swift in Sources */ = {isa = PBXBuildFile; fileRef = 1881CDE92846970F006F959F /* ViewController.swift */; };
		1881CDED2846970F006F959F /* Main.storyboard in Resources */ = {isa = PBXBuildFile; fileRef = 1881CDEB2846970F006F959F /* Main.storyboard */; };
		1881CDEF28469711006F959F /* Assets.xcassets in Resources */ = {isa = PBXBuildFile; fileRef = 1881CDEE28469711006F959F /* Assets.xcassets */; };
		1881CDF228469711006F959F /* LaunchScreen.storyboard in Resources */ = {isa = PBXBuildFile; fileRef = 1881CDF028469711006F959F /* LaunchScreen.storyboard */; };
		1881CDFA2846AFBC006F959F /* SecondViewController.swift in Sources */ = {isa = PBXBuildFile; fileRef = 1881CDF92846AFBC006F959F /* SecondViewController.swift */; };
		1881CE00284C9DDA006F959F /* json.swift in Sources */ = {isa = PBXBuildFile; fileRef = 1881CDFF284C9DDA006F959F /* json.swift */; };
		1881CE02284C9E18006F959F /* ItemCategory.swift in Sources */ = {isa = PBXBuildFile; fileRef = 1881CE01284C9E18006F959F /* ItemCategory.swift */; };
/* End PBXBuildFile section */

/* Begin PBXFileReference section */
		1881CDE22846970F006F959F /* finalProjectAni.app */ = {isa = PBXFileReference; explicitFileType = wrapper.application; includeInIndex = 0; path = finalProjectAni.app; sourceTree = BUILT_PRODUCTS_DIR; };
		1881CDE52846970F006F959F /* AppDelegate.swift */ = {isa = PBXFileReference; lastKnownFileType = sourcecode.swift; path = AppDelegate.swift; sourceTree = "<group>"; };
		1881CDE72846970F006F959F /* SceneDelegate.swift */ = {isa = PBXFileReference; lastKnownFileType = sourcecode.swift; path = SceneDelegate.swift; sourceTree = "<group>"; };
		1881CDE92846970F006F959F /* ViewController.swift */ = {isa = PBXFileReference; lastKnownFileType = sourcecode.swift; path = ViewController.swift; sourceTree = "<group>"; };
		1881CDEC2846970F006F959F /* Base */ = {isa = PBXFileReference; lastKnownFileType = file.storyboard; name = Base; path = Base.lproj/Main.storyboard; sourceTree = "<group>"; };
		1881CDEE28469711006F959F /* Assets.xcassets */ = {isa = PBXFileReference; lastKnownFileType = folder.assetcatalog; path = Assets.xcassets; sourceTree = "<group>"; };
		1881CDF128469711006F959F /* Base */ = {isa = PBXFileReference; lastKnownFileType = file.storyboard; name = Base; path = Base.lproj/LaunchScreen.storyboard; sourceTree = "<group>"; };
		1881CDF328469711006F959F /* Info.plist */ = {isa = PBXFileReference; lastKnownFileType = text.plist.xml; path = Info.plist; sourceTree = "<group>"; };
		1881CDF92846AFBC006F959F /* SecondViewController.swift */ = {isa = PBXFileReference; lastKnownFileType = sourcecode.swift; path = SecondViewController.swift; sourceTree = "<group>"; };
		1881CDFF284C9DDA006F959F /* json.swift */ = {isa = PBXFileReference; lastKnownFileType = sourcecode.swift; path = json.swift; sourceTree = "<group>"; };
		1881CE01284C9E18006F959F /* ItemCategory.swift */ = {isa = PBXFileReference; lastKnownFileType = sourcecode.swift; path = ItemCategory.swift; sourceTree = "<group>"; };
/* End PBXFileReference section */

/* Begin PBXFrameworksBuildPhase section */
		1881CDDF2846970F006F959F /* Frameworks */ = {
			isa = PBXFrameworksBuildPhase;
			buildActionMask = 2147483647;
			files = (
			);
			runOnlyForDeploymentPostprocessing = 0;
		};
/* End PBXFrameworksBuildPhase section */

/* Begin PBXGroup section */
		1881CDD92846970F006F959F = {
			isa = PBXGroup;
			children = (
				1881CDE42846970F006F959F /* finalProjectAni */,
				1881CDE32846970F006F959F /* Products */,
			);
			sourceTree = "<group>";
		};
		1881CDE32846970F006F959F /* Products */ = {
			isa = PBXGroup;
			children = (
				1881CDE22846970F006F959F /* finalProjectAni.app */,
			);
			name = Products;
			sourceTree = "<group>";
		};
		1881CDE42846970F006F959F /* finalProjectAni */ = {
			isa = PBXGroup;
			children = (
				1881CDE52846970F006F959F /* AppDelegate.swift */,
				1881CDE72846970F006F959F /* SceneDelegate.swift */,
				1881CDE92846970F006F959F /* ViewController.swift */,
				1881CDF92846AFBC006F959F /* SecondViewController.swift */,
				1881CDFF284C9DDA006F959F /* json.swift */,
				1881CE01284C9E18006F959F /* ItemCategory.swift */,
				1881CDEB2846970F006F959F /* Main.storyboard */,
				1881CDEE28469711006F959F /* Assets.xcassets */,
				1881CDF028469711006F959F /* LaunchScreen.storyboard */,
				1881CDF328469711006F959F /* Info.plist */,
			);
			path = finalProjectAni;
			sourceTree = "<group>";
		};
/* End PBXGroup section */

/* Begin PBXNativeTarget section */
		1881CDE12846970F006F959F /* finalProjectAni */ = {
			isa = PBXNativeTarget;
			buildConfigurationList = 1881CDF628469711006F959F /* Build configuration list for PBXNativeTarget "finalProjectAni" */;
			buildPhases = (
				1881CDDE2846970F006F959F /* Sources */,
				1881CDDF2846970F006F959F /* Frameworks */,
				1881CDE02846970F006F959F /* Resources */,
			);
			buildRules = (
			);
			dependencies = (
			);
			name = finalProjectAni;
			productName = finalProjectAni;
			productReference = 1881CDE22846970F006F959F /* finalProjectAni.app */;
			productType = "com.apple.product-type.application";
		};
/* End PBXNativeTarget section */

/* Begin PBXProject section */
		1881CDDA2846970F006F959F /* Project object */ = {
			isa = PBXProject;
			attributes = {
				BuildIndependentTargetsInParallel = 1;
				LastSwiftUpdateCheck = 1320;
				LastUpgradeCheck = 1320;
				TargetAttributes = {
					1881CDE12846970F006F959F = {
						CreatedOnToolsVersion = 13.2.1;
					};
				};
			};
			buildConfigurationList = 1881CDDD2846970F006F959F /* Build configuration list for PBXProject "finalProjectAni" */;
			compatibilityVersion = "Xcode 13.0";
			developmentRegion = en;
			hasScannedForEncodings = 0;
			knownRegions = (
				en,
				Base,
			);
			mainGroup = 1881CDD92846970F006F959F;
			productRefGroup = 1881CDE32846970F006F959F /* Products */;
			projectDirPath = "";
			projectRoot = "";
			targets = (
				1881CDE12846970F006F959F /* finalProjectAni */,
			);
		};
/* End PBXProject section */

/* Begin PBXResourcesBuildPhase section */
		1881CDE02846970F006F959F /* Resources */ = {
			isa = PBXResourcesBuildPhase;
			buildActionMask = 2147483647;
			files = (
				1881CDF228469711006F959F /* LaunchScreen.storyboard in Resources */,
				1881CDEF28469711006F959F /* Assets.xcassets in Resources */,
				1881CDED2846970F006F959F /* Main.storyboard in Resources */,
			);
			runOnlyForDeploymentPostprocessing = 0;
		};
/* End PBXResourcesBuildPhase section */

/* Begin PBXSourcesBuildPhase section */
		1881CDDE2846970F006F959F /* Sources */ = {
			isa = PBXSourcesBuildPhase;
			buildActionMask = 2147483647;
			files = (
				1881CDFA2846AFBC006F959F /* SecondViewController.swift in Sources */,
				1881CDEA2846970F006F959F /* ViewController.swift in Sources */,
				1881CE00284C9DDA006F959F /* json.swift in Sources */,
				1881CDE62846970F006F959F /* AppDelegate.swift in Sources */,
				1881CE02284C9E18006F959F /* ItemCategory.swift in Sources */,
				1881CDE82846970F006F959F /* SceneDelegate.swift in Sources */,
			);
			runOnlyForDeploymentPostprocessing = 0;
		};
/* End PBXSourcesBuildPhase section */

/* Begin PBXVariantGroup section */
		1881CDEB2846970F006F959F /* Main.storyboard */ = {
			isa = PBXVariantGroup;
			children = (
				1881CDEC2846970F006F959F /* Base */,
			);
			name = Main.storyboard;
			sourceTree = "<group>";
		};
		1881CDF028469711006F959F /* LaunchScreen.storyboard */ = {
			isa = PBXVariantGroup;
			children = (
				1881CDF128469711006F959F /* Base */,
			);
			name = LaunchScreen.storyboard;
			sourceTree = "<group>";
		};
/* End PBXVariantGroup section */

/* Begin XCBuildConfiguration section */
		1881CDF428469711006F959F /* Debug */ = {
			isa = XCBuildConfiguration;
			buildSettings = {
				ALWAYS_SEARCH_USER_PATHS = NO;
				CLANG_ANALYZER_NONNULL = YES;
				CLANG_ANALYZER_NUMBER_OBJECT_CONVERSION = YES_AGGRESSIVE;
				CLANG_CXX_LANGUAGE_STANDARD = "gnu++17";
				CLANG_CXX_LIBRARY = "libc++";
				CLANG_ENABLE_MODULES = YES;
				CLANG_ENABLE_OBJC_ARC = YES;
				CLANG_ENABLE_OBJC_WEAK = YES;
				CLANG_WARN_BLOCK_CAPTURE_AUTORELEASING = YES;
				CLANG_WARN_BOOL_CONVERSION = YES;
				CLANG_WARN_COMMA = YES;
				CLANG_WARN_CONSTANT_CONVERSION = YES;
				CLANG_WARN_DEPRECATED_OBJC_IMPLEMENTATIONS = YES;
				CLANG_WARN_DIRECT_OBJC_ISA_USAGE = YES_ERROR;
				CLANG_WARN_DOCUMENTATION_COMMENTS = YES;
				CLANG_WARN_EMPTY_BODY = YES;
				CLANG_WARN_ENUM_CONVERSION = YES;
				CLANG_WARN_INFINITE_RECURSION = YES;
				CLANG_WARN_INT_CONVERSION = YES;
				CLANG_WARN_NON_LITERAL_NULL_CONVERSION = YES;
				CLANG_WARN_OBJC_IMPLICIT_RETAIN_SELF = YES;
				CLANG_WARN_OBJC_LITERAL_CONVERSION = YES;
				CLANG_WARN_OBJC_ROOT_CLASS = YES_ERROR;
				CLANG_WARN_QUOTED_INCLUDE_IN_FRAMEWORK_HEADER = YES;
				CLANG_WARN_RANGE_LOOP_ANALYSIS = YES;
				CLANG_WARN_STRICT_PROTOTYPES = YES;
				CLANG_WARN_SUSPICIOUS_MOVE = YES;
				CLANG_WARN_UNGUARDED_AVAILABILITY = YES_AGGRESSIVE;
				CLANG_WARN_UNREACHABLE_CODE = YES;
				CLANG_WARN__DUPLICATE_METHOD_MATCH = YES;
				COPY_PHASE_STRIP = NO;
				DEBUG_INFORMATION_FORMAT = dwarf;
				ENABLE_STRICT_OBJC_MSGSEND = YES;
				ENABLE_TESTABILITY = YES;
				GCC_C_LANGUAGE_STANDARD = gnu11;
				GCC_DYNAMIC_NO_PIC = NO;
				GCC_NO_COMMON_BLOCKS = YES;
				GCC_OPTIMIZATION_LEVEL = 0;
				GCC_PREPROCESSOR_DEFINITIONS = (
					"DEBUG=1",
					"$(inherited)",
				);
				GCC_WARN_64_TO_32_BIT_CONVERSION = YES;
				GCC_WARN_ABOUT_RETURN_TYPE = YES_ERROR;
				GCC_WARN_UNDECLARED_SELECTOR = YES;
				GCC_WARN_UNINITIALIZED_AUTOS = YES_AGGRESSIVE;
				GCC_WARN_UNUSED_FUNCTION = YES;
				GCC_WARN_UNUSED_VARIABLE = YES;
				IPHONEOS_DEPLOYMENT_TARGET = 15.2;
				MTL_ENABLE_DEBUG_INFO = INCLUDE_SOURCE;
				MTL_FAST_MATH = YES;
				ONLY_ACTIVE_ARCH = YES;
				SDKROOT = iphoneos;
				SWIFT_ACTIVE_COMPILATION_CONDITIONS = DEBUG;
				SWIFT_OPTIMIZATION_LEVEL = "-Onone";
			};
			name = Debug;
		};
		1881CDF528469711006F959F /* Release */ = {
			isa = XCBuildConfiguration;
			buildSettings = {
				ALWAYS_SEARCH_USER_PATHS = NO;
				CLANG_ANALYZER_NONNULL = YES;
				CLANG_ANALYZER_NUMBER_OBJECT_CONVERSION = YES_AGGRESSIVE;
				CLANG_CXX_LANGUAGE_STANDARD = "gnu++17";
				CLANG_CXX_LIBRARY = "libc++";
				CLANG_ENABLE_MODULES = YES;
				CLANG_ENABLE_OBJC_ARC = YES;
				CLANG_ENABLE_OBJC_WEAK = YES;
				CLANG_WARN_BLOCK_CAPTURE_AUTORELEASING = YES;
				CLANG_WARN_BOOL_CONVERSION = YES;
				CLANG_WARN_COMMA = YES;
				CLANG_WARN_CONSTANT_CONVERSION = YES;
				CLANG_WARN_DEPRECATED_OBJC_IMPLEMENTATIONS = YES;
				CLANG_WARN_DIRECT_OBJC_ISA_USAGE = YES_ERROR;
				CLANG_WARN_DOCUMENTATION_COMMENTS = YES;
				CLANG_WARN_EMPTY_BODY = YES;
				CLANG_WARN_ENUM_CONVERSION = YES;
				CLANG_WARN_INFINITE_RECURSION = YES;
				CLANG_WARN_INT_CONVERSION = YES;
				CLANG_WARN_NON_LITERAL_NULL_CONVERSION = YES;
				CLANG_WARN_OBJC_IMPLICIT_RETAIN_SELF = YES;
				CLANG_WARN_OBJC_LITERAL_CONVERSION = YES;
				CLANG_WARN_OBJC_ROOT_CLASS = YES_ERROR;
				CLANG_WARN_QUOTED_INCLUDE_IN_FRAMEWORK_HEADER = YES;
				CLANG_WARN_RANGE_LOOP_ANALYSIS = YES;
				CLANG_WARN_STRICT_PROTOTYPES = YES;
				CLANG_WARN_SUSPICIOUS_MOVE = YES;
				CLANG_WARN_UNGUARDED_AVAILABILITY = YES_AGGRESSIVE;
				CLANG_WARN_UNREACHABLE_CODE = YES;
				CLANG_WARN__DUPLICATE_METHOD_MATCH = YES;
				COPY_PHASE_STRIP = NO;
				DEBUG_INFORMATION_FORMAT = "dwarf-with-dsym";
				ENABLE_NS_ASSERTIONS = NO;
				ENABLE_STRICT_OBJC_MSGSEND = YES;
				GCC_C_LANGUAGE_STANDARD = gnu11;
				GCC_NO_COMMON_BLOCKS = YES;
				GCC_WARN_64_TO_32_BIT_CONVERSION = YES;
				GCC_WARN_ABOUT_RETURN_TYPE = YES_ERROR;
				GCC_WARN_UNDECLARED_SELECTOR = YES;
				GCC_WARN_UNINITIALIZED_AUTOS = YES_AGGRESSIVE;
				GCC_WARN_UNUSED_FUNCTION = YES;
				GCC_WARN_UNUSED_VARIABLE = YES;
				IPHONEOS_DEPLOYMENT_TARGET = 15.2;
				MTL_ENABLE_DEBUG_INFO = NO;
				MTL_FAST_MATH = YES;
				SDKROOT = iphoneos;
				SWIFT_COMPILATION_MODE = wholemodule;
				SWIFT_OPTIMIZATION_LEVEL = "-O";
				VALIDATE_PRODUCT = YES;
			};
			name = Release;
		};
		1881CDF728469711006F959F /* Debug */ = {
			isa = XCBuildConfiguration;
			buildSettings = {
				ASSETCATALOG_COMPILER_APPICON_NAME = AppIcon;
				ASSETCATALOG_COMPILER_GLOBAL_ACCENT_COLOR_NAME = AccentColor;
				CODE_SIGN_STYLE = Automatic;
				CURRENT_PROJECT_VERSION = 1;
				DEVELOPMENT_TEAM = K5YJZKKBPT;
				GENERATE_INFOPLIST_FILE = YES;
				INFOPLIST_FILE = finalProjectAni/Info.plist;
				INFOPLIST_KEY_UIApplicationSupportsIndirectInputEvents = YES;
				INFOPLIST_KEY_UILaunchStoryboardName = LaunchScreen;
				INFOPLIST_KEY_UIMainStoryboardFile = Main;
				INFOPLIST_KEY_UISupportedInterfaceOrientations_iPad = "UIInterfaceOrientationPortrait UIInterfaceOrientationPortraitUpsideDown UIInterfaceOrientationLandscapeLeft UIInterfaceOrientationLandscapeRight";
				INFOPLIST_KEY_UISupportedInterfaceOrientations_iPhone = "UIInterfaceOrientationPortrait UIInterfaceOrientationLandscapeLeft UIInterfaceOrientationLandscapeRight";
				LD_RUNPATH_SEARCH_PATHS = (
					"$(inherited)",
					"@executable_path/Frameworks",
				);
				MARKETING_VERSION = 1.0;
				PRODUCT_BUNDLE_IDENTIFIER = SmartAcademy.finalProjectAni;
				PRODUCT_NAME = "$(TARGET_NAME)";
				SWIFT_EMIT_LOC_STRINGS = YES;
				SWIFT_VERSION = 5.0;
				TARGETED_DEVICE_FAMILY = "1,2";
			};
			name = Debug;
		};
		1881CDF828469711006F959F /* Release */ = {
			isa = XCBuildConfiguration;
			buildSettings = {
				ASSETCATALOG_COMPILER_APPICON_NAME = AppIcon;
				ASSETCATALOG_COMPILER_GLOBAL_ACCENT_COLOR_NAME = AccentColor;
				CODE_SIGN_STYLE = Automatic;
				CURRENT_PROJECT_VERSION = 1;
				DEVELOPMENT_TEAM = K5YJZKKBPT;
				GENERATE_INFOPLIST_FILE = YES;
				INFOPLIST_FILE = finalProjectAni/Info.plist;
				INFOPLIST_KEY_UIApplicationSupportsIndirectInputEvents = YES;
				INFOPLIST_KEY_UILaunchStoryboardName = LaunchScreen;
				INFOPLIST_KEY_UIMainStoryboardFile = Main;
				INFOPLIST_KEY_UISupportedInterfaceOrientations_iPad = "UIInterfaceOrientationPortrait UIInterfaceOrientationPortraitUpsideDown UIInterfaceOrientationLandscapeLeft UIInterfaceOrientationLandscapeRight";
				INFOPLIST_KEY_UISupportedInterfaceOrientations_iPhone = "UIInterfaceOrientationPortrait UIInterfaceOrientationLandscapeLeft UIInterfaceOrientationLandscapeRight";
				LD_RUNPATH_SEARCH_PATHS = (
					"$(inherited)",
					"@executable_path/Frameworks",
				);
				MARKETING_VERSION = 1.0;
				PRODUCT_BUNDLE_IDENTIFIER = SmartAcademy.finalProjectAni;
				PRODUCT_NAME = "$(TARGET_NAME)";
				SWIFT_EMIT_LOC_STRINGS = YES;
				SWIFT_VERSION = 5.0;
				TARGETED_DEVICE_FAMILY = "1,2";
			};
			name = Release;
		};
/* End XCBuildConfiguration section */

/* Begin XCConfigurationList section */
		1881CDDD2846970F006F959F /* Build configuration list for PBXProject "finalProjectAni" */ = {
			isa = XCConfigurationList;
			buildConfigurations = (
				1881CDF428469711006F959F /* Debug */,
				1881CDF528469711006F959F /* Release */,
			);
			defaultConfigurationIsVisible = 0;
			defaultConfigurationName = Release;
		};
		1881CDF628469711006F959F /* Build configuration list for PBXNativeTarget "finalProjectAni" */ = {
			isa = XCConfigurationList;
			buildConfigurations = (
				1881CDF728469711006F959F /* Debug */,
				1881CDF828469711006F959F /* Release */,
			);
			defaultConfigurationIsVisible = 0;
			defaultConfigurationName = Release;
		};
/* End XCConfigurationList section */
	};
	rootObject = 1881CDDA2846970F006F959F /* Project object */;
}
